<?xml version="1.0" encoding="utf-8"?>
<Project ToolsVersion="4.0" xmlns="http://schemas.microsoft.com/developer/msbuild/2003">
  <ItemGroup>
    <Filter Include="Source Files">
      <UniqueIdentifier>{4FC737F1-C7A5-4376-A066-2A32D752A2FF}</UniqueIdentifier>
      <Extensions>cpp;c;cc;cxx;def;odl;idl;hpj;bat;asm;asmx</Extensions>
    </Filter>
    <Filter Include="Header Files">
      <UniqueIdentifier>{93995380-89BD-4b04-88EB-625FBE52EBFB}</UniqueIdentifier>
      <Extensions>h;hh;hpp;hxx;hm;inl;inc;xsd</Extensions>
    </Filter>
    <Filter Include="Resource Files">
      <UniqueIdentifier>{67DA6AB6-F800-4c08-8B7A-83BB121AAD01}</UniqueIdentifier>
      <Extensions>rc;ico;cur;bmp;dlg;rc2;rct;bin;rgs;gif;jpg;jpeg;jpe;resx;tiff;tif;png;wav</Extensions>
    </Filter>
  </ItemGroup>
  <ItemGroup>
    <ClCompile Include="src\geometry.c">
      <Filter>Source Files</Filter>
    </ClCompile>
    <ClCompile Include="src\htm.c">
      <Filter>Source Files</Filter>
    </ClCompile>
    <ClCompile Include="src\select.c">
      <Filter>Source Files</Filter>
    </ClCompile>
    <ClCompile Include="src\udfs\abMagToDn.c">
      <Filter>Source Files</Filter>
    </ClCompile>
    <ClCompile Include="src\udfs\abMagToDnSigma.c">
      <Filter>Source Files</Filter>
    </ClCompile>
    <ClCompile Include="src\udfs\abMagToFlux.c">
      <Filter>Source Files</Filter>
    </ClCompile>
    <ClCompile Include="src\udfs\abMagToFluxSigma.c">
      <Filter>Source Files</Filter>
    </ClCompile>
    <ClCompile Include="src\udfs\angSep.c">
      <Filter>Source Files</Filter>
    </ClCompile>
    <ClCompile Include="src\udfs\dnToAbMag.c">
      <Filter>Source Files</Filter>
    </ClCompile>
    <ClCompile Include="src\udfs\dnToAbMagSigma.c">
      <Filter>Source Files</Filter>
    </ClCompile>
    <ClCompile Include="src\udfs\dnToFlux.c">
      <Filter>Source Files</Filter>
    </ClCompile>
    <ClCompile Include="src\udfs\dnToFluxSigma.c">
      <Filter>Source Files</Filter>
    </ClCompile>
    <ClCompile Include="src\udfs\extractInt64.c">
      <Filter>Source Files</Filter>
    </ClCompile>
    <ClCompile Include="src\udfs\fluxToAbMag.c">
      <Filter>Source Files</Filter>
    </ClCompile>
    <ClCompile Include="src\udfs\fluxToAbMagSigma.c">
      <Filter>Source Files</Filter>
    </ClCompile>
    <ClCompile Include="src\udfs\fluxToDn.c">
      <Filter>Source Files</Filter>
    </ClCompile>
    <ClCompile Include="src\udfs\fluxToDnSigma.c">
      <Filter>Source Files</Filter>
    </ClCompile>
    <ClCompile Include="src\udfs\getVersion.c">
      <Filter>Source Files</Filter>
    </ClCompile>
    <ClCompile Include="src\udfs\median.c">
      <Filter>Source Files</Filter>
    </ClCompile>
    <ClCompile Include="src\udfs\percentile.c">
      <Filter>Source Files</Filter>
    </ClCompile>
    <ClCompile Include="src\udfs\raiseError.c">
      <Filter>Source Files</Filter>
    </ClCompile>
    <ClCompile Include="src\udfs\s2CircleHtmRanges.c">
      <Filter>Source Files</Filter>
    </ClCompile>
    <ClCompile Include="src\udfs\s2CPolyHtmRanges.c">
      <Filter>Source Files</Filter>
    </ClCompile>
    <ClCompile Include="src\udfs\s2CPolyToBin.c">
      <Filter>Source Files</Filter>
    </ClCompile>
    <ClCompile Include="src\udfs\s2HtmId.c">
      <Filter>Source Files</Filter>
    </ClCompile>
    <ClCompile Include="src\udfs\s2HtmLevel.c">
      <Filter>Source Files</Filter>
    </ClCompile>
    <ClCompile Include="src\udfs\s2PtInBox.c">
      <Filter>Source Files</Filter>
    </ClCompile>
    <ClCompile Include="src\udfs\s2PtInCircle.c">
      <Filter>Source Files</Filter>
    </ClCompile>
    <ClCompile Include="src\udfs\s2PtInCPoly.c">
      <Filter>Source Files</Filter>
    </ClCompile>
    <ClCompile Include="src\udfs\s2PtInEllipse.c">
      <Filter>Source Files</Filter>
    </ClCompile>
    <ClCompile Include="src\util\index.c">
      <Filter>Source Files</Filter>
    </ClCompile>
    <ClCompile Include="test\testHtm.c">
      <Filter>Source Files</Filter>
    </ClCompile>
    <ClCompile Include="test\testSelect.c">
      <Filter>Source Files</Filter>
    </ClCompile>
  </ItemGroup>
  <ItemGroup>
    <ClInclude Include="src\common.h">
      <Filter>Header Files</Filter>
    </ClInclude>
    <ClInclude Include="src\geometry.h">
      <Filter>Header Files</Filter>
    </ClInclude>
    <ClInclude Include="src\htm.h">
      <Filter>Header Files</Filter>
    </ClInclude>
    <ClInclude Include="src\photometry.h">
      <Filter>Header Files</Filter>
    </ClInclude>
    <ClInclude Include="src\select.h">
      <Filter>Header Files</Filter>
    </ClInclude>
    <ClInclude Include="src\udf.h">
      <Filter>Header Files</Filter>
    </ClInclude>
  </ItemGroup>
  <ItemGroup>
    <None Include="doc\index.html" />
  </ItemGroup>
</Project>